PODS:
  - Alamofire (4.9.1)
  - Cosmos (23.0.0)
  - curvyRoute (0.2.1)
  - Hero (1.6.1)
  - Kingfisher (5.15.8):
    - Kingfisher/Core (= 5.15.8)
  - Kingfisher/Core (5.15.8)
  - KingfisherWebP (1.0.0):
    - Kingfisher (~> 5.8)
    - libwebp (>= 0.5.0)
  - libwebp (1.2.0):
    - libwebp/demux (= 1.2.0)
    - libwebp/mux (= 1.2.0)
    - libwebp/webp (= 1.2.0)
  - libwebp/demux (1.2.0):
    - libwebp/webp
  - libwebp/mux (1.2.0):
    - libwebp/demux
  - libwebp/webp (1.2.0)
  - YDB2WAssets (1.0.34)
  - YDB2WComponents (1.1.1):
    - Cosmos
    - YDB2WAssets (~> 1.0.33)
    - YDB2WModels (~> 1.1.0)
    - YDExtensions (~> 1.0.42)
    - YDUtilities (~> 1.0.10)
  - YDB2WDeepLinks (1.0.1)
  - YDB2WIntegration (1.1.1):
    - YDB2WModels
    - YDExtensions
  - YDB2WModels (1.1.1):
    - YDExtensions (~> 1.0.42)
    - YDUtilities (~> 1.0.10)
  - YDB2WServices (1.1.1):
    - Alamofire (~> 4.0)
    - YDB2WIntegration (~> 1.1.0)
    - YDB2WModels (~> 1.1.0)
  - YDExtensions (1.0.42):
    - Kingfisher (~> 5.0)
    - KingfisherWebP (= 1.0.0)
  - YDLocationModule (1.0.5)
  - YDMFindStore (1.1.1):
    - Alamofire (= 4.9.1)
    - curvyRoute
    - YDB2WAssets (~> 1.0.33)
    - YDB2WComponents (~> 1.1.0)
    - YDB2WIntegration (~> 1.1.0)
    - YDB2WModels (~> 1.1.0)
    - YDExtensions (~> 1.0.42)
    - YDLocationModule (~> 1.0.5)
    - YDUtilities (~> 1.0.10)
  - YDMOfflineOrders (1.1.8):
    - Cosmos
    - YDB2WAssets (~> 1.0.33)
    - YDB2WComponents (~> 1.1.0)
    - YDB2WDeepLinks (~> 1.0.0)
    - YDB2WIntegration (~> 1.1.0)
    - YDB2WModels (~> 1.1.0)
    - YDB2WServices (~> 1.1.0)
    - YDExtensions (~> 1.0.10)
    - YDMFindStore (~> 1.1.0)
    - YDUtilities (~> 1.0.10)
  - YDUtilities (1.0.10):
    - Alamofire (~> 4.0)

DEPENDENCIES:
  - Hero
  - YDB2WAssets (~> 1.0.33)
  - YDB2WComponents (~> 1.1.0)
  - YDB2WIntegration (~> 1.1.0)
  - YDExtensions (~> 1.0.42)
  - YDMOfflineOrders (~> 1.1.0)
  - YDUtilities (~> 1.0.10)

SPEC REPOS:
  "git@github.com:Hennrich-Your-Dev/YourDev-Pods.git":
    - YDB2WAssets
    - YDB2WComponents
    - YDB2WDeepLinks
    - YDB2WIntegration
    - YDB2WModels
    - YDB2WServices
    - YDExtensions
    - YDLocationModule
    - YDMFindStore
    - YDMOfflineOrders
    - YDUtilities
  trunk:
    - Alamofire
    - Cosmos
    - curvyRoute
    - Hero
    - Kingfisher
    - KingfisherWebP
    - libwebp

SPEC CHECKSUMS:
  Alamofire: 85e8a02c69d6020a0d734f6054870d7ecb75cf18
  Cosmos: b5c6a9a637e28a061b54c8f8b1d8529d7d4db73f
  curvyRoute: bd529a80b8d7a0390a2673dceb79081c11b0fa8d
  Hero: 215865ba3ae41dd9bb08cd6c60a645529c6fc94b
  Kingfisher: a3c03d702433fa6cfedabb2bddbe076fb8f2e902
  KingfisherWebP: b1ed1dbc5e52547c5bf5f583dd5c46346f97320f
  libwebp: e90b9c01d99205d03b6bb8f2c8c415e5a4ef66f0
  YDB2WAssets: 91619e16800b84f63a0be847cfcc2c97a7f30cce
  YDB2WComponents: bceb6f76c2f22101ffaea582c009ff83055d18bb
  YDB2WDeepLinks: c4257273d753c892bc545b99c72a9b01b0ab9e16
  YDB2WIntegration: e93c1c6235e782dc4372bf58634f34cf169a3963
  YDB2WModels: 99ae3e5b8ba51ba5a8cf6c871ede1b640f17c958
  YDB2WServices: c92962bf1880acf6c230133daecfb9d87a5675b6
  YDExtensions: 9d923da399a4fbdbf251f58345271103101cd34a
  YDLocationModule: 35cddec317442e18078cb64e1542d7cd360ccb43
  YDMFindStore: 9f50f83e230d7b0b601dd99a95e3aa8fd0e0d69d
  YDMOfflineOrders: efac3a5c6a3c90bea3b62d5a04c64eb8b6926dd6
  YDUtilities: 7e56ee0f48101c8bf487ad03135730dbefac70bf

PODFILE CHECKSUM: fb11934de5639afb89b8ac73c6e45725894132e4

COCOAPODS: 1.10.1
