PODS:
  - Alamofire (4.9.1)
  - Hero (1.6.0)
  - Kingfisher (5.15.8):
    - Kingfisher/Core (= 5.15.8)
  - Kingfisher/Core (5.15.8)
  - KingfisherWebP (1.0.0):
    - Kingfisher (~> 5.8)
    - libwebp (>= 0.5.0)
  - libwebp (1.1.0):
    - libwebp/demux (= 1.1.0)
    - libwebp/mux (= 1.1.0)
    - libwebp/webp (= 1.1.0)
  - libwebp/demux (1.1.0):
    - libwebp/webp
  - libwebp/mux (1.1.0):
    - libwebp/demux
  - libwebp/webp (1.1.0)
  - YDB2WAssets (1.0.31)
  - YDB2WComponents (1.0.69):
    - YDB2WAssets
    - YDExtensions
    - YDUtilities
  - YDB2WIntegration (1.0.15):
    - YDB2WModels
    - YDExtensions
  - YDB2WModels (1.0.13):
    - YDExtensions
  - YDExtensions (1.0.35):
    - Kingfisher (~> 5.0)
    - KingfisherWebP (= 1.0.0)
  - YDUtilities (1.0.10):
    - Alamofire (~> 4.0)

DEPENDENCIES:
  - Hero
  - YDB2WAssets
  - YDB2WComponents
  - YDB2WIntegration
  - YDExtensions
  - YDUtilities

SPEC REPOS:
  "git@github.com:Hennrich-Your-Dev/YourDev-Pods.git":
    - YDB2WAssets
    - YDB2WComponents
    - YDB2WIntegration
    - YDB2WModels
    - YDExtensions
    - YDUtilities
  trunk:
    - Alamofire
    - Hero
    - Kingfisher
    - KingfisherWebP
    - libwebp

SPEC CHECKSUMS:
  Alamofire: 85e8a02c69d6020a0d734f6054870d7ecb75cf18
  Hero: 052b9b9bab68fc4e30cc04e5936eaf0de97b59d3
  Kingfisher: a3c03d702433fa6cfedabb2bddbe076fb8f2e902
  KingfisherWebP: b1ed1dbc5e52547c5bf5f583dd5c46346f97320f
  libwebp: 946cb3063cea9236285f7e9a8505d806d30e07f3
  YDB2WAssets: ebc70c706037613128d99eab2eea7b19c9841830
  YDB2WComponents: ba6f93be4ef5687578e1a17656c387fd2bd589ee
  YDB2WIntegration: 0deba88174dccd3fdd7bc85809978a56162c4cd4
  YDB2WModels: a78b87e57a9299b480786a7b5bc337ce817a1e2d
  YDExtensions: b579e16049bbdba97de872a3496911a66a16ffe9
  YDUtilities: 7e56ee0f48101c8bf487ad03135730dbefac70bf

PODFILE CHECKSUM: 781bb4e689a58d1cc470aadce6d3142f6483058c

COCOAPODS: 1.10.1
