PODS:
  - Alamofire (4.9.1)
  - Cosmos (23.0.0)
  - curvyRoute (0.2.1)
  - Hero (1.6.1)
  - Kingfisher (5.15.8):
    - Kingfisher/Core (= 5.15.8)
  - Kingfisher/Core (5.15.8)
  - KingfisherWebP (1.0.0):
    - Kingfisher (~> 5.8)
    - libwebp (>= 0.5.0)
  - libwebp (1.2.0):
    - libwebp/demux (= 1.2.0)
    - libwebp/mux (= 1.2.0)
    - libwebp/webp (= 1.2.0)
  - libwebp/demux (1.2.0):
    - libwebp/webp
  - libwebp/mux (1.2.0):
    - libwebp/demux
  - libwebp/webp (1.2.0)
  - YDB2WAssets (1.0.39)
  - YDB2WComponents (1.1.20):
    - Cosmos
    - YDB2WAssets (~> 1.0.33)
    - YDB2WModels (~> 1.1.0)
    - YDExtensions (~> 1.0.42)
    - YDUtilities (~> 1.1.0)
  - YDB2WDeepLinks (1.0.3)
  - YDB2WIntegration (1.1.10):
    - YDB2WModels (~> 1.1.0)
    - YDExtensions (~> 1.0.0)
  - YDB2WModels (1.1.27):
    - YDExtensions (~> 1.0.42)
    - YDUtilities (~> 1.1.0)
  - YDB2WServices (1.1.9):
    - Alamofire (~> 4.0)
    - YDB2WIntegration (~> 1.1.0)
    - YDB2WModels (~> 1.1.0)
  - YDExtensions (1.0.55):
    - Kingfisher (~> 5.0)
    - KingfisherWebP (= 1.0.0)
  - YDLocationModule (1.0.5)
  - YDMFindStore (1.1.8):
    - Alamofire (= 4.9.1)
    - curvyRoute
    - YDB2WAssets (~> 1.0.33)
    - YDB2WComponents (~> 1.1.0)
    - YDB2WDeepLinks (~> 1.0.0)
    - YDB2WIntegration (~> 1.1.0)
    - YDB2WModels (~> 1.1.0)
    - YDB2WServices (~> 1.1.0)
    - YDExtensions (~> 1.0.42)
    - YDLocationModule (~> 1.0.5)
    - YDUtilities (~> 1.1.0)
  - YDMOfflineOrders (1.1.33):
    - Cosmos
    - YDB2WAssets (~> 1.0.33)
    - YDB2WComponents (~> 1.1.0)
    - YDB2WDeepLinks (~> 1.0.0)
    - YDB2WIntegration (~> 1.1.0)
    - YDB2WModels (~> 1.1.0)
    - YDB2WServices (~> 1.1.0)
    - YDExtensions (~> 1.0.10)
    - YDMFindStore (~> 1.1.0)
    - YDUtilities (~> 1.1.0)
  - YDUtilities (1.1.0):
    - Alamofire (~> 4.0)

DEPENDENCIES:
  - Hero
  - YDB2WAssets (~> 1.0.33)
  - YDB2WComponents (~> 1.1.0)
  - YDB2WIntegration (~> 1.1.0)
  - YDB2WServices (~> 1.1.0)
  - YDExtensions (~> 1.0.42)
  - YDMOfflineOrders (~> 1.1.0)
  - YDUtilities (~> 1.1.0)

SPEC REPOS:
  "git@github.com:Hennrich-Your-Dev/YourDev-Pods.git":
    - YDB2WAssets
    - YDB2WComponents
    - YDB2WDeepLinks
    - YDB2WIntegration
    - YDB2WModels
    - YDB2WServices
    - YDExtensions
    - YDLocationModule
    - YDMFindStore
    - YDMOfflineOrders
    - YDUtilities
  trunk:
    - Alamofire
    - Cosmos
    - curvyRoute
    - Hero
    - Kingfisher
    - KingfisherWebP
    - libwebp

SPEC CHECKSUMS:
  Alamofire: 85e8a02c69d6020a0d734f6054870d7ecb75cf18
  Cosmos: b5c6a9a637e28a061b54c8f8b1d8529d7d4db73f
  curvyRoute: bd529a80b8d7a0390a2673dceb79081c11b0fa8d
  Hero: 215865ba3ae41dd9bb08cd6c60a645529c6fc94b
  Kingfisher: a3c03d702433fa6cfedabb2bddbe076fb8f2e902
  KingfisherWebP: b1ed1dbc5e52547c5bf5f583dd5c46346f97320f
  libwebp: e90b9c01d99205d03b6bb8f2c8c415e5a4ef66f0
  YDB2WAssets: 6d42505f40e0ebd35bdf1a28f874e076aced50cb
  YDB2WComponents: ec0303c9bdaee9e0e6d968414ad96955374f2926
  YDB2WDeepLinks: 5df9534e41baa38c04bc58aafdefbdf505264371
  YDB2WIntegration: 9ccf897e02321832bcebbd33f4319ac6f809ffef
  YDB2WModels: 1c49c0d3594b69b0b58af6e653da58cb6853473a
  YDB2WServices: 3166584421b03d475272852530d6b3a8e3883466
  YDExtensions: 39587ea6186689aebf6d27528b423bd04cb58dfd
  YDLocationModule: 35cddec317442e18078cb64e1542d7cd360ccb43
  YDMFindStore: f2a63a8bdbafc82e7ee7d96f5264eb29c7093c0f
  YDMOfflineOrders: 7fe24d6049da5764cb8537f790ea22dba5a30752
  YDUtilities: 0aa8d5d85848cf42d624e13c964c4aa984a3f4df

PODFILE CHECKSUM: ad958a9836ae7dac4adf5780a2c0376bccbfeac0

COCOAPODS: 1.10.1
