// !$*UTF8*$!
{
	archiveVersion = 1;
	classes = {
	};
	objectVersion = 50;
	objects = {

/* Begin PBXBuildFile section */
		0899FA48477C87708405D691 /* Pods_YDMstoreModeOfflineAccount.framework in Frameworks */ = {isa = PBXBuildFile; fileRef = 0B831F603BE94F0B29A64AE6 /* Pods_YDMstoreModeOfflineAccount.framework */; };
		A5B9E35825AE0451006EA075 /* YDMstoreModeOfflineAccount.h in Headers */ = {isa = PBXBuildFile; fileRef = A5B9E35625AE0451006EA075 /* YDMstoreModeOfflineAccount.h */; settings = {ATTRIBUTES = (Public, ); }; };
		A5B9E36425AE123B006EA075 /* YDMStoreModeOfflineAccountCoordinator.swift in Sources */ = {isa = PBXBuildFile; fileRef = A5B9E36325AE123B006EA075 /* YDMStoreModeOfflineAccountCoordinator.swift */; };
		A5B9E37425AE12A9006EA075 /* HomeViewController.storyboard in Resources */ = {isa = PBXBuildFile; fileRef = A5B9E37325AE12A9006EA075 /* HomeViewController.storyboard */; };
		A5B9E38725AE12EF006EA075 /* HomeViewController.swift in Sources */ = {isa = PBXBuildFile; fileRef = A5B9E38625AE12EF006EA075 /* HomeViewController.swift */; };
		A5B9E38B25AE133B006EA075 /* HomeViewModel.swift in Sources */ = {isa = PBXBuildFile; fileRef = A5B9E38A25AE133B006EA075 /* HomeViewModel.swift */; };
		C102A64725D178D30036E17B /* historicMock.json in Resources */ = {isa = PBXBuildFile; fileRef = C102A64625D178D30036E17B /* historicMock.json */; };
		C102A64B25D180F50036E17B /* HistoricViewController+Binds.swift in Sources */ = {isa = PBXBuildFile; fileRef = C102A64A25D180F50036E17B /* HistoricViewController+Binds.swift */; };
		C121DA572642F605004C9836 /* YDErrorView.swift in Sources */ = {isa = PBXBuildFile; fileRef = C121DA562642F605004C9836 /* YDErrorView.swift */; };
		C121DA5C2642FAA2004C9836 /* UserDataViewController+Layout.swift in Sources */ = {isa = PBXBuildFile; fileRef = C121DA5B2642FAA2004C9836 /* UserDataViewController+Layout.swift */; };
		C121DA5F2642FD64004C9836 /* HistoricViewController+Layouts.swift in Sources */ = {isa = PBXBuildFile; fileRef = C121DA5E2642FD64004C9836 /* HistoricViewController+Layouts.swift */; };
		C129AA5725DD5537003D3882 /* OrdersViewController.swift in Sources */ = {isa = PBXBuildFile; fileRef = C129AA5625DD5537003D3882 /* OrdersViewController.swift */; };
		C129AA5C25DD5744003D3882 /* OrdersViewController+Layout.swift in Sources */ = {isa = PBXBuildFile; fileRef = C129AA5B25DD5744003D3882 /* OrdersViewController+Layout.swift */; };
		C129AA6025DD5831003D3882 /* OrdersViewModel.swift in Sources */ = {isa = PBXBuildFile; fileRef = C129AA5F25DD5831003D3882 /* OrdersViewModel.swift */; };
		C129AA8725DD910D003D3882 /* PreHomeViewController.swift in Sources */ = {isa = PBXBuildFile; fileRef = C129AA8625DD910D003D3882 /* PreHomeViewController.swift */; };
		C129AA8A25DD9376003D3882 /* PreHomeViewController+Layout.swift in Sources */ = {isa = PBXBuildFile; fileRef = C129AA8925DD9376003D3882 /* PreHomeViewController+Layout.swift */; };
		C129AA8D25DD94F4003D3882 /* PreHomeViewModel.swift in Sources */ = {isa = PBXBuildFile; fileRef = C129AA8C25DD94F4003D3882 /* PreHomeViewModel.swift */; };
		C12B96B325CAE86900143B99 /* HistoricViewController+ScrollView.swift in Sources */ = {isa = PBXBuildFile; fileRef = C12B96B225CAE86900143B99 /* HistoricViewController+ScrollView.swift */; };
		C140315225CB29AA007F6728 /* TermsViewController+SpaceyDelegate.swift in Sources */ = {isa = PBXBuildFile; fileRef = C140315125CB29AA007F6728 /* TermsViewController+SpaceyDelegate.swift */; };
		C14D63C525B1E27200DAF725 /* HomeViewController+Binds.swift in Sources */ = {isa = PBXBuildFile; fileRef = C14D63C425B1E27200DAF725 /* HomeViewController+Binds.swift */; };
		C14D63CA25B1E47F00DAF725 /* HomeViewController+Dialog.swift in Sources */ = {isa = PBXBuildFile; fileRef = C14D63C925B1E47F00DAF725 /* HomeViewController+Dialog.swift */; };
		C158ECDF25C198C900E1EC04 /* UserDataTermsAndButtonTableViewCell.swift in Sources */ = {isa = PBXBuildFile; fileRef = C158ECDD25C198C900E1EC04 /* UserDataTermsAndButtonTableViewCell.swift */; };
		C158ECE025C198C900E1EC04 /* UserDataTermsAndButtonTableViewCell.xib in Resources */ = {isa = PBXBuildFile; fileRef = C158ECDE25C198C900E1EC04 /* UserDataTermsAndButtonTableViewCell.xib */; };
		C183CED125B0953F00B4F675 /* HomeViewController+ScrollView.swift in Sources */ = {isa = PBXBuildFile; fileRef = C183CED025B0953F00B4F675 /* HomeViewController+ScrollView.swift */; };
		C183D0C825B0D89900B4F675 /* UserDataViewController.storyboard in Resources */ = {isa = PBXBuildFile; fileRef = C183D0C725B0D89900B4F675 /* UserDataViewController.storyboard */; };
		C183D0CC25B0D8B100B4F675 /* UserDataViewController.swift in Sources */ = {isa = PBXBuildFile; fileRef = C183D0CB25B0D8B000B4F675 /* UserDataViewController.swift */; };
		C1847E5925E53AC3004A9E33 /* HistoricViewController+Layout.swift in Sources */ = {isa = PBXBuildFile; fileRef = C1847E5825E53AC3004A9E33 /* HistoricViewController+Layout.swift */; };
		C18C9A8A25C04C6800F4116F /* UserDataMarketingTableViewCell.swift in Sources */ = {isa = PBXBuildFile; fileRef = C18C9A8825C04C6800F4116F /* UserDataMarketingTableViewCell.swift */; };
		C18C9A8B25C04C6800F4116F /* UserDataMarketingTableViewCell.xib in Resources */ = {isa = PBXBuildFile; fileRef = C18C9A8925C04C6800F4116F /* UserDataMarketingTableViewCell.xib */; };
		C197DCA225BF2E510007E8C3 /* UserDataInfoTableViewCell.swift in Sources */ = {isa = PBXBuildFile; fileRef = C197DCA025BF2E510007E8C3 /* UserDataInfoTableViewCell.swift */; };
		C197DCA325BF2E510007E8C3 /* UserDataInfoTableViewCell.xib in Resources */ = {isa = PBXBuildFile; fileRef = C197DCA125BF2E510007E8C3 /* UserDataInfoTableViewCell.xib */; };
		C197DCAD25BF481F0007E8C3 /* UserDataViewModel.swift in Sources */ = {isa = PBXBuildFile; fileRef = C197DCAC25BF481F0007E8C3 /* UserDataViewModel.swift */; };
		C197DCB625BF4EBD0007E8C3 /* UserDataViewController+Binds.swift in Sources */ = {isa = PBXBuildFile; fileRef = C197DCB525BF4EBD0007E8C3 /* UserDataViewController+Binds.swift */; };
		C197DCBE25BF4FA00007E8C3 /* UserDataViewController+TableView.swift in Sources */ = {isa = PBXBuildFile; fileRef = C197DCBD25BF4FA00007E8C3 /* UserDataViewController+TableView.swift */; };
		C19B995E25C992560002E696 /* TermsViewController.storyboard in Resources */ = {isa = PBXBuildFile; fileRef = C19B995D25C992560002E696 /* TermsViewController.storyboard */; };
		C19B996225C992820002E696 /* TermsViewController.swift in Sources */ = {isa = PBXBuildFile; fileRef = C19B996125C992820002E696 /* TermsViewController.swift */; };
		C19B996925C9934E0002E696 /* TermsViewModel.swift in Sources */ = {isa = PBXBuildFile; fileRef = C19B996825C9934E0002E696 /* TermsViewModel.swift */; };
		C19B99C725C9C4BC0002E696 /* HistoricViewController.storyboard in Resources */ = {isa = PBXBuildFile; fileRef = C19B99C625C9C4BC0002E696 /* HistoricViewController.storyboard */; };
		C19B99CB25C9CA2C0002E696 /* HistoricViewController.swift in Sources */ = {isa = PBXBuildFile; fileRef = C19B99CA25C9CA2C0002E696 /* HistoricViewController.swift */; };
		C19B99D025C9D04B0002E696 /* HistoricViewModel.swift in Sources */ = {isa = PBXBuildFile; fileRef = C19B99CF25C9D04B0002E696 /* HistoricViewModel.swift */; };
		C1B6BF4625C4164F001CB137 /* UserDataViewController+Dialog.swift in Sources */ = {isa = PBXBuildFile; fileRef = C1B6BF4525C4164F001CB137 /* UserDataViewController+Dialog.swift */; };
		C1B6BFD025C42667001CB137 /* UserDataViewController+ScrollView.swift in Sources */ = {isa = PBXBuildFile; fileRef = C1B6BFCF25C42667001CB137 /* UserDataViewController+ScrollView.swift */; };
		C1DE3DCF25C3107F0084299E /* UserDataSeparatorTableViewCell.swift in Sources */ = {isa = PBXBuildFile; fileRef = C1DE3DCD25C3107F0084299E /* UserDataSeparatorTableViewCell.swift */; };
		C1DE3DD025C3107F0084299E /* UserDataSeparatorTableViewCell.xib in Resources */ = {isa = PBXBuildFile; fileRef = C1DE3DCE25C3107F0084299E /* UserDataSeparatorTableViewCell.xib */; };
		E4B90FA925CB15720030FF42 /* termos-uso.html in Resources */ = {isa = PBXBuildFile; fileRef = E4B90FA725CB15720030FF42 /* termos-uso.html */; };
/* End PBXBuildFile section */

/* Begin PBXFileReference section */
		0B831F603BE94F0B29A64AE6 /* Pods_YDMstoreModeOfflineAccount.framework */ = {isa = PBXFileReference; explicitFileType = wrapper.framework; includeInIndex = 0; path = Pods_YDMstoreModeOfflineAccount.framework; sourceTree = BUILT_PRODUCTS_DIR; };
		30EE36F1D50CC8622604CA6C /* Pods-YDMstoreModeOfflineAccount.release.xcconfig */ = {isa = PBXFileReference; includeInIndex = 1; lastKnownFileType = text.xcconfig; name = "Pods-YDMstoreModeOfflineAccount.release.xcconfig"; path = "Target Support Files/Pods-YDMstoreModeOfflineAccount/Pods-YDMstoreModeOfflineAccount.release.xcconfig"; sourceTree = "<group>"; };
		88BC45D4D3B44DD6B4A0F747 /* Pods-YDMstoreModeOfflineAccount.debug.xcconfig */ = {isa = PBXFileReference; includeInIndex = 1; lastKnownFileType = text.xcconfig; name = "Pods-YDMstoreModeOfflineAccount.debug.xcconfig"; path = "Target Support Files/Pods-YDMstoreModeOfflineAccount/Pods-YDMstoreModeOfflineAccount.debug.xcconfig"; sourceTree = "<group>"; };
		A5B9E35325AE0451006EA075 /* YDMstoreModeOfflineAccount.framework */ = {isa = PBXFileReference; explicitFileType = wrapper.framework; includeInIndex = 0; path = YDMstoreModeOfflineAccount.framework; sourceTree = BUILT_PRODUCTS_DIR; };
		A5B9E35625AE0451006EA075 /* YDMstoreModeOfflineAccount.h */ = {isa = PBXFileReference; lastKnownFileType = sourcecode.c.h; path = YDMstoreModeOfflineAccount.h; sourceTree = "<group>"; };
		A5B9E35725AE0451006EA075 /* Info.plist */ = {isa = PBXFileReference; lastKnownFileType = text.plist.xml; path = Info.plist; sourceTree = "<group>"; };
		A5B9E36325AE123B006EA075 /* YDMStoreModeOfflineAccountCoordinator.swift */ = {isa = PBXFileReference; lastKnownFileType = sourcecode.swift; path = YDMStoreModeOfflineAccountCoordinator.swift; sourceTree = "<group>"; };
		A5B9E37325AE12A9006EA075 /* HomeViewController.storyboard */ = {isa = PBXFileReference; lastKnownFileType = file.storyboard; path = HomeViewController.storyboard; sourceTree = "<group>"; };
		A5B9E38625AE12EF006EA075 /* HomeViewController.swift */ = {isa = PBXFileReference; lastKnownFileType = sourcecode.swift; path = HomeViewController.swift; sourceTree = "<group>"; };
		A5B9E38A25AE133B006EA075 /* HomeViewModel.swift */ = {isa = PBXFileReference; lastKnownFileType = sourcecode.swift; path = HomeViewModel.swift; sourceTree = "<group>"; };
		C102A64625D178D30036E17B /* historicMock.json */ = {isa = PBXFileReference; lastKnownFileType = text.json; path = historicMock.json; sourceTree = "<group>"; };
		C102A64A25D180F50036E17B /* HistoricViewController+Binds.swift */ = {isa = PBXFileReference; lastKnownFileType = sourcecode.swift; path = "HistoricViewController+Binds.swift"; sourceTree = "<group>"; };
		C121DA562642F605004C9836 /* YDErrorView.swift */ = {isa = PBXFileReference; lastKnownFileType = sourcecode.swift; path = YDErrorView.swift; sourceTree = "<group>"; };
		C121DA5B2642FAA2004C9836 /* UserDataViewController+Layout.swift */ = {isa = PBXFileReference; lastKnownFileType = sourcecode.swift; path = "UserDataViewController+Layout.swift"; sourceTree = "<group>"; };
		C121DA5E2642FD64004C9836 /* HistoricViewController+Layouts.swift */ = {isa = PBXFileReference; lastKnownFileType = sourcecode.swift; path = "HistoricViewController+Layouts.swift"; sourceTree = "<group>"; };
		C129AA5625DD5537003D3882 /* OrdersViewController.swift */ = {isa = PBXFileReference; lastKnownFileType = sourcecode.swift; path = OrdersViewController.swift; sourceTree = "<group>"; };
		C129AA5B25DD5744003D3882 /* OrdersViewController+Layout.swift */ = {isa = PBXFileReference; lastKnownFileType = sourcecode.swift; path = "OrdersViewController+Layout.swift"; sourceTree = "<group>"; };
		C129AA5F25DD5831003D3882 /* OrdersViewModel.swift */ = {isa = PBXFileReference; lastKnownFileType = sourcecode.swift; path = OrdersViewModel.swift; sourceTree = "<group>"; };
		C129AA8625DD910D003D3882 /* PreHomeViewController.swift */ = {isa = PBXFileReference; lastKnownFileType = sourcecode.swift; path = PreHomeViewController.swift; sourceTree = "<group>"; };
		C129AA8925DD9376003D3882 /* PreHomeViewController+Layout.swift */ = {isa = PBXFileReference; lastKnownFileType = sourcecode.swift; path = "PreHomeViewController+Layout.swift"; sourceTree = "<group>"; };
		C129AA8C25DD94F4003D3882 /* PreHomeViewModel.swift */ = {isa = PBXFileReference; lastKnownFileType = sourcecode.swift; path = PreHomeViewModel.swift; sourceTree = "<group>"; };
		C12B96B225CAE86900143B99 /* HistoricViewController+ScrollView.swift */ = {isa = PBXFileReference; lastKnownFileType = sourcecode.swift; path = "HistoricViewController+ScrollView.swift"; sourceTree = "<group>"; };
		C140315125CB29AA007F6728 /* TermsViewController+SpaceyDelegate.swift */ = {isa = PBXFileReference; lastKnownFileType = sourcecode.swift; path = "TermsViewController+SpaceyDelegate.swift"; sourceTree = "<group>"; };
		C14D63C425B1E27200DAF725 /* HomeViewController+Binds.swift */ = {isa = PBXFileReference; lastKnownFileType = sourcecode.swift; path = "HomeViewController+Binds.swift"; sourceTree = "<group>"; };
		C14D63C925B1E47F00DAF725 /* HomeViewController+Dialog.swift */ = {isa = PBXFileReference; lastKnownFileType = sourcecode.swift; path = "HomeViewController+Dialog.swift"; sourceTree = "<group>"; };
		C158ECDD25C198C900E1EC04 /* UserDataTermsAndButtonTableViewCell.swift */ = {isa = PBXFileReference; lastKnownFileType = sourcecode.swift; path = UserDataTermsAndButtonTableViewCell.swift; sourceTree = "<group>"; };
		C158ECDE25C198C900E1EC04 /* UserDataTermsAndButtonTableViewCell.xib */ = {isa = PBXFileReference; lastKnownFileType = file.xib; path = UserDataTermsAndButtonTableViewCell.xib; sourceTree = "<group>"; };
		C183CED025B0953F00B4F675 /* HomeViewController+ScrollView.swift */ = {isa = PBXFileReference; lastKnownFileType = sourcecode.swift; path = "HomeViewController+ScrollView.swift"; sourceTree = "<group>"; };
		C183D0C725B0D89900B4F675 /* UserDataViewController.storyboard */ = {isa = PBXFileReference; lastKnownFileType = file.storyboard; path = UserDataViewController.storyboard; sourceTree = "<group>"; };
		C183D0CB25B0D8B000B4F675 /* UserDataViewController.swift */ = {isa = PBXFileReference; lastKnownFileType = sourcecode.swift; path = UserDataViewController.swift; sourceTree = "<group>"; };
		C1847E5825E53AC3004A9E33 /* HistoricViewController+Layout.swift */ = {isa = PBXFileReference; lastKnownFileType = sourcecode.swift; path = "HistoricViewController+Layout.swift"; sourceTree = "<group>"; };
		C18C9A8825C04C6800F4116F /* UserDataMarketingTableViewCell.swift */ = {isa = PBXFileReference; lastKnownFileType = sourcecode.swift; path = UserDataMarketingTableViewCell.swift; sourceTree = "<group>"; };
		C18C9A8925C04C6800F4116F /* UserDataMarketingTableViewCell.xib */ = {isa = PBXFileReference; lastKnownFileType = file.xib; path = UserDataMarketingTableViewCell.xib; sourceTree = "<group>"; };
		C197DCA025BF2E510007E8C3 /* UserDataInfoTableViewCell.swift */ = {isa = PBXFileReference; lastKnownFileType = sourcecode.swift; path = UserDataInfoTableViewCell.swift; sourceTree = "<group>"; };
		C197DCA125BF2E510007E8C3 /* UserDataInfoTableViewCell.xib */ = {isa = PBXFileReference; lastKnownFileType = file.xib; path = UserDataInfoTableViewCell.xib; sourceTree = "<group>"; };
		C197DCAC25BF481F0007E8C3 /* UserDataViewModel.swift */ = {isa = PBXFileReference; lastKnownFileType = sourcecode.swift; path = UserDataViewModel.swift; sourceTree = "<group>"; };
		C197DCB525BF4EBD0007E8C3 /* UserDataViewController+Binds.swift */ = {isa = PBXFileReference; lastKnownFileType = sourcecode.swift; path = "UserDataViewController+Binds.swift"; sourceTree = "<group>"; };
		C197DCBD25BF4FA00007E8C3 /* UserDataViewController+TableView.swift */ = {isa = PBXFileReference; lastKnownFileType = sourcecode.swift; path = "UserDataViewController+TableView.swift"; sourceTree = "<group>"; };
		C19B995D25C992560002E696 /* TermsViewController.storyboard */ = {isa = PBXFileReference; lastKnownFileType = file.storyboard; path = TermsViewController.storyboard; sourceTree = "<group>"; };
		C19B996125C992820002E696 /* TermsViewController.swift */ = {isa = PBXFileReference; lastKnownFileType = sourcecode.swift; path = TermsViewController.swift; sourceTree = "<group>"; };
		C19B996825C9934E0002E696 /* TermsViewModel.swift */ = {isa = PBXFileReference; lastKnownFileType = sourcecode.swift; path = TermsViewModel.swift; sourceTree = "<group>"; };
		C19B99C625C9C4BC0002E696 /* HistoricViewController.storyboard */ = {isa = PBXFileReference; lastKnownFileType = file.storyboard; path = HistoricViewController.storyboard; sourceTree = "<group>"; };
		C19B99CA25C9CA2C0002E696 /* HistoricViewController.swift */ = {isa = PBXFileReference; lastKnownFileType = sourcecode.swift; path = HistoricViewController.swift; sourceTree = "<group>"; };
		C19B99CF25C9D04B0002E696 /* HistoricViewModel.swift */ = {isa = PBXFileReference; lastKnownFileType = sourcecode.swift; path = HistoricViewModel.swift; sourceTree = "<group>"; };
		C1B6BF4525C4164F001CB137 /* UserDataViewController+Dialog.swift */ = {isa = PBXFileReference; lastKnownFileType = sourcecode.swift; path = "UserDataViewController+Dialog.swift"; sourceTree = "<group>"; };
		C1B6BFCF25C42667001CB137 /* UserDataViewController+ScrollView.swift */ = {isa = PBXFileReference; lastKnownFileType = sourcecode.swift; path = "UserDataViewController+ScrollView.swift"; sourceTree = "<group>"; };
		C1DE3DCD25C3107F0084299E /* UserDataSeparatorTableViewCell.swift */ = {isa = PBXFileReference; lastKnownFileType = sourcecode.swift; path = UserDataSeparatorTableViewCell.swift; sourceTree = "<group>"; };
		C1DE3DCE25C3107F0084299E /* UserDataSeparatorTableViewCell.xib */ = {isa = PBXFileReference; lastKnownFileType = file.xib; path = UserDataSeparatorTableViewCell.xib; sourceTree = "<group>"; };
		E4B90FA725CB15720030FF42 /* termos-uso.html */ = {isa = PBXFileReference; fileEncoding = 4; lastKnownFileType = text.html; path = "termos-uso.html"; sourceTree = "<group>"; };
/* End PBXFileReference section */

/* Begin PBXFrameworksBuildPhase section */
		A5B9E35025AE0451006EA075 /* Frameworks */ = {
			isa = PBXFrameworksBuildPhase;
			buildActionMask = 2147483647;
			files = (
				0899FA48477C87708405D691 /* Pods_YDMstoreModeOfflineAccount.framework in Frameworks */,
			);
			runOnlyForDeploymentPostprocessing = 0;
		};
/* End PBXFrameworksBuildPhase section */

/* Begin PBXGroup section */
		A5B9E34925AE0451006EA075 = {
			isa = PBXGroup;
			children = (
				A5B9E35525AE0451006EA075 /* YDMstoreModeOfflineAccount */,
				A5B9E35425AE0451006EA075 /* Products */,
				F86F11171E95E2BC1F150C03 /* Pods */,
				CFD03EAB3F3DF706A0205C03 /* Frameworks */,
			);
			sourceTree = "<group>";
		};
		A5B9E35425AE0451006EA075 /* Products */ = {
			isa = PBXGroup;
			children = (
				A5B9E35325AE0451006EA075 /* YDMstoreModeOfflineAccount.framework */,
			);
			name = Products;
			sourceTree = "<group>";
		};
		A5B9E35525AE0451006EA075 /* YDMstoreModeOfflineAccount */ = {
			isa = PBXGroup;
			children = (
				A5B9E35625AE0451006EA075 /* YDMstoreModeOfflineAccount.h */,
				A5B9E35725AE0451006EA075 /* Info.plist */,
				E4B90FA525CB15440030FF42 /* Resource */,
				C121DA532642F5D1004C9836 /* Components */,
				A5B9E36225AE1214006EA075 /* Coordinator */,
				A5B9E37125AE128F006EA075 /* View */,
				A5B9E38325AE12E0006EA075 /* ViewController */,
				A5B9E38925AE132E006EA075 /* ViewModel */,
			);
			path = YDMstoreModeOfflineAccount;
			sourceTree = "<group>";
		};
		A5B9E36225AE1214006EA075 /* Coordinator */ = {
			isa = PBXGroup;
			children = (
				A5B9E36325AE123B006EA075 /* YDMStoreModeOfflineAccountCoordinator.swift */,
			);
			path = Coordinator;
			sourceTree = "<group>";
		};
		A5B9E37125AE128F006EA075 /* View */ = {
			isa = PBXGroup;
			children = (
				C19B99C525C9C4AB0002E696 /* Historic */,
				C129AABB25DDEA38003D3882 /* Home */,
				C129AA5A25DD56E4003D3882 /* Orders */,
				C19B995C25C992310002E696 /* Terms */,
				C183D0C625B0D81500B4F675 /* UserData */,
				C129AA8925DD9376003D3882 /* PreHomeViewController+Layout.swift */,
			);
			path = View;
			sourceTree = "<group>";
		};
		A5B9E38325AE12E0006EA075 /* ViewController */ = {
			isa = PBXGroup;
			children = (
				C19B99C925C9CA1F0002E696 /* Historic */,
				C129AAB625DDE9D8003D3882 /* Home */,
				C129AA5525DD54FC003D3882 /* Orders */,
				C19B996025C992710002E696 /* Terms */,
				C183D0CA25B0D8A400B4F675 /* UserData */,
				C129AA8625DD910D003D3882 /* PreHomeViewController.swift */,
			);
			path = ViewController;
			sourceTree = "<group>";
		};
		A5B9E38925AE132E006EA075 /* ViewModel */ = {
			isa = PBXGroup;
			children = (
				C19B99CE25C9D0260002E696 /* Historic */,
				C129AABF25DDF170003D3882 /* Home */,
				C129AA5E25DD5825003D3882 /* Orders */,
				C19B996725C993030002E696 /* Terms */,
				C19B996525C992FE0002E696 /* UserData */,
				C129AA8C25DD94F4003D3882 /* PreHomeViewModel.swift */,
			);
			path = ViewModel;
			sourceTree = "<group>";
		};
		C102A64925D180E50036E17B /* Binds */ = {
			isa = PBXGroup;
			children = (
				C102A64A25D180F50036E17B /* HistoricViewController+Binds.swift */,
			);
			path = Binds;
			sourceTree = "<group>";
		};
		C121DA532642F5D1004C9836 /* Components */ = {
			isa = PBXGroup;
			children = (
				C121DA542642F5DB004C9836 /* Error View */,
			);
			path = Components;
			sourceTree = "<group>";
		};
		C121DA542642F5DB004C9836 /* Error View */ = {
			isa = PBXGroup;
			children = (
				C121DA562642F605004C9836 /* YDErrorView.swift */,
			);
			path = "Error View";
			sourceTree = "<group>";
		};
		C129AA5525DD54FC003D3882 /* Orders */ = {
			isa = PBXGroup;
			children = (
				C129AA5625DD5537003D3882 /* OrdersViewController.swift */,
			);
			path = Orders;
			sourceTree = "<group>";
		};
		C129AA5A25DD56E4003D3882 /* Orders */ = {
			isa = PBXGroup;
			children = (
				C129AA5B25DD5744003D3882 /* OrdersViewController+Layout.swift */,
			);
			path = Orders;
			sourceTree = "<group>";
		};
		C129AA5E25DD5825003D3882 /* Orders */ = {
			isa = PBXGroup;
			children = (
				C129AA5F25DD5831003D3882 /* OrdersViewModel.swift */,
			);
			path = Orders;
			sourceTree = "<group>";
		};
		C129AAB625DDE9D8003D3882 /* Home */ = {
			isa = PBXGroup;
			children = (
				A5B9E38625AE12EF006EA075 /* HomeViewController.swift */,
				C183CECE25B0952400B4F675 /* Extensions */,
			);
			path = Home;
			sourceTree = "<group>";
		};
		C129AABB25DDEA38003D3882 /* Home */ = {
			isa = PBXGroup;
			children = (
				A5B9E37325AE12A9006EA075 /* HomeViewController.storyboard */,
			);
			path = Home;
			sourceTree = "<group>";
		};
		C129AABF25DDF170003D3882 /* Home */ = {
			isa = PBXGroup;
			children = (
				A5B9E38A25AE133B006EA075 /* HomeViewModel.swift */,
			);
			path = Home;
			sourceTree = "<group>";
		};
		C12B96B025CAE85700143B99 /* Extensions */ = {
			isa = PBXGroup;
			children = (
				C102A64925D180E50036E17B /* Binds */,
				C1847E5725E53AA3004A9E33 /* Layout */,
				C12B96B125CAE85B00143B99 /* ScrollView */,
			);
			path = Extensions;
			sourceTree = "<group>";
		};
		C12B96B125CAE85B00143B99 /* ScrollView */ = {
			isa = PBXGroup;
			children = (
				C12B96B225CAE86900143B99 /* HistoricViewController+ScrollView.swift */,
			);
			path = ScrollView;
			sourceTree = "<group>";
		};
		C140314F25CB2984007F6728 /* Extensions */ = {
			isa = PBXGroup;
			children = (
				C140315025CB2994007F6728 /* YDSpacey Delegate */,
			);
			path = Extensions;
			sourceTree = "<group>";
		};
		C140315025CB2994007F6728 /* YDSpacey Delegate */ = {
			isa = PBXGroup;
			children = (
				C140315125CB29AA007F6728 /* TermsViewController+SpaceyDelegate.swift */,
			);
			path = "YDSpacey Delegate";
			sourceTree = "<group>";
		};
		C14D63C325B1E25D00DAF725 /* Binds */ = {
			isa = PBXGroup;
			children = (
				C14D63C425B1E27200DAF725 /* HomeViewController+Binds.swift */,
			);
			path = Binds;
			sourceTree = "<group>";
		};
		C14D63C825B1E44C00DAF725 /* Dialog */ = {
			isa = PBXGroup;
			children = (
				C14D63C925B1E47F00DAF725 /* HomeViewController+Dialog.swift */,
			);
			path = Dialog;
			sourceTree = "<group>";
		};
		C183CECE25B0952400B4F675 /* Extensions */ = {
			isa = PBXGroup;
			children = (
				C14D63C825B1E44C00DAF725 /* Dialog */,
				C14D63C325B1E25D00DAF725 /* Binds */,
				C183CECF25B0952900B4F675 /* ScrollView */,
			);
			path = Extensions;
			sourceTree = "<group>";
		};
		C183CECF25B0952900B4F675 /* ScrollView */ = {
			isa = PBXGroup;
			children = (
				C183CED025B0953F00B4F675 /* HomeViewController+ScrollView.swift */,
			);
			path = ScrollView;
			sourceTree = "<group>";
		};
		C183D0C625B0D81500B4F675 /* UserData */ = {
			isa = PBXGroup;
			children = (
				C197DC9F25BF2DFF0007E8C3 /* Cell */,
				C183D0C725B0D89900B4F675 /* UserDataViewController.storyboard */,
				C121DA5B2642FAA2004C9836 /* UserDataViewController+Layout.swift */,
			);
			path = UserData;
			sourceTree = "<group>";
		};
		C183D0CA25B0D8A400B4F675 /* UserData */ = {
			isa = PBXGroup;
			children = (
				C197DCB325BF4EA80007E8C3 /* Extensions */,
				C183D0CB25B0D8B000B4F675 /* UserDataViewController.swift */,
			);
			path = UserData;
			sourceTree = "<group>";
		};
		C1847E5725E53AA3004A9E33 /* Layout */ = {
			isa = PBXGroup;
			children = (
				C1847E5825E53AC3004A9E33 /* HistoricViewController+Layout.swift */,
			);
			path = Layout;
			sourceTree = "<group>";
		};
		C18D90C625C3357700E9991F /* Separator */ = {
			isa = PBXGroup;
			children = (
				C1DE3DCD25C3107F0084299E /* UserDataSeparatorTableViewCell.swift */,
			);
			path = Separator;
			sourceTree = "<group>";
		};
		C197DC9F25BF2DFF0007E8C3 /* Cell */ = {
			isa = PBXGroup;
			children = (
				C1DE3DCC25C310430084299E /* Separator */,
				C1DE3DC125C3078F0084299E /* Info */,
				C1DE3DC025C307870084299E /* Marketing */,
				C1DE3DBF25C3077E0084299E /* TermsAndButton */,
			);
			path = Cell;
			sourceTree = "<group>";
		};
		C197DCA625BF310B0007E8C3 /* Cell */ = {
			isa = PBXGroup;
			children = (
				C18D90C625C3357700E9991F /* Separator */,
				C1DE3DC425C308380084299E /* Info */,
				C1DE3DC625C3083D0084299E /* Marketing */,
				C1DE3DC825C308470084299E /* TermsAndButton */,
			);
			path = Cell;
			sourceTree = "<group>";
		};
		C197DCB325BF4EA80007E8C3 /* Extensions */ = {
			isa = PBXGroup;
			children = (
				C197DCB425BF4EAE0007E8C3 /* Binds */,
				C1B6BF4425C4163C001CB137 /* Dialog */,
				C1B6BFCE25C42656001CB137 /* ScrollView */,
				C197DCB925BF4EE40007E8C3 /* TableView */,
			);
			path = Extensions;
			sourceTree = "<group>";
		};
		C197DCB425BF4EAE0007E8C3 /* Binds */ = {
			isa = PBXGroup;
			children = (
				C197DCB525BF4EBD0007E8C3 /* UserDataViewController+Binds.swift */,
			);
			path = Binds;
			sourceTree = "<group>";
		};
		C197DCB925BF4EE40007E8C3 /* TableView */ = {
			isa = PBXGroup;
			children = (
				C197DCA625BF310B0007E8C3 /* Cell */,
				C197DCBD25BF4FA00007E8C3 /* UserDataViewController+TableView.swift */,
			);
			path = TableView;
			sourceTree = "<group>";
		};
		C19B995C25C992310002E696 /* Terms */ = {
			isa = PBXGroup;
			children = (
				C19B995D25C992560002E696 /* TermsViewController.storyboard */,
			);
			path = Terms;
			sourceTree = "<group>";
		};
		C19B996025C992710002E696 /* Terms */ = {
			isa = PBXGroup;
			children = (
				C140314F25CB2984007F6728 /* Extensions */,
				C19B996125C992820002E696 /* TermsViewController.swift */,
			);
			path = Terms;
			sourceTree = "<group>";
		};
		C19B996525C992FE0002E696 /* UserData */ = {
			isa = PBXGroup;
			children = (
				C197DCAC25BF481F0007E8C3 /* UserDataViewModel.swift */,
			);
			path = UserData;
			sourceTree = "<group>";
		};
		C19B996725C993030002E696 /* Terms */ = {
			isa = PBXGroup;
			children = (
				C19B996825C9934E0002E696 /* TermsViewModel.swift */,
			);
			path = Terms;
			sourceTree = "<group>";
		};
		C19B99C525C9C4AB0002E696 /* Historic */ = {
			isa = PBXGroup;
			children = (
				C19B99C625C9C4BC0002E696 /* HistoricViewController.storyboard */,
				C121DA5E2642FD64004C9836 /* HistoricViewController+Layouts.swift */,
			);
			path = Historic;
			sourceTree = "<group>";
		};
		C19B99C925C9CA1F0002E696 /* Historic */ = {
			isa = PBXGroup;
			children = (
				C19B99CA25C9CA2C0002E696 /* HistoricViewController.swift */,
				C12B96B025CAE85700143B99 /* Extensions */,
			);
			path = Historic;
			sourceTree = "<group>";
		};
		C19B99CE25C9D0260002E696 /* Historic */ = {
			isa = PBXGroup;
			children = (
				C19B99CF25C9D04B0002E696 /* HistoricViewModel.swift */,
			);
			path = Historic;
			sourceTree = "<group>";
		};
		C1B6BF4425C4163C001CB137 /* Dialog */ = {
			isa = PBXGroup;
			children = (
				C1B6BF4525C4164F001CB137 /* UserDataViewController+Dialog.swift */,
			);
			path = Dialog;
			sourceTree = "<group>";
		};
		C1B6BFCE25C42656001CB137 /* ScrollView */ = {
			isa = PBXGroup;
			children = (
				C1B6BFCF25C42667001CB137 /* UserDataViewController+ScrollView.swift */,
			);
			path = ScrollView;
			sourceTree = "<group>";
		};
		C1DE3DBF25C3077E0084299E /* TermsAndButton */ = {
			isa = PBXGroup;
			children = (
				C158ECDE25C198C900E1EC04 /* UserDataTermsAndButtonTableViewCell.xib */,
			);
			path = TermsAndButton;
			sourceTree = "<group>";
		};
		C1DE3DC025C307870084299E /* Marketing */ = {
			isa = PBXGroup;
			children = (
				C18C9A8925C04C6800F4116F /* UserDataMarketingTableViewCell.xib */,
			);
			path = Marketing;
			sourceTree = "<group>";
		};
		C1DE3DC125C3078F0084299E /* Info */ = {
			isa = PBXGroup;
			children = (
				C197DCA125BF2E510007E8C3 /* UserDataInfoTableViewCell.xib */,
			);
			path = Info;
			sourceTree = "<group>";
		};
		C1DE3DC425C308380084299E /* Info */ = {
			isa = PBXGroup;
			children = (
				C197DCA025BF2E510007E8C3 /* UserDataInfoTableViewCell.swift */,
			);
			path = Info;
			sourceTree = "<group>";
		};
		C1DE3DC625C3083D0084299E /* Marketing */ = {
			isa = PBXGroup;
			children = (
				C18C9A8825C04C6800F4116F /* UserDataMarketingTableViewCell.swift */,
			);
			path = Marketing;
			sourceTree = "<group>";
		};
		C1DE3DC825C308470084299E /* TermsAndButton */ = {
			isa = PBXGroup;
			children = (
				C158ECDD25C198C900E1EC04 /* UserDataTermsAndButtonTableViewCell.swift */,
			);
			path = TermsAndButton;
			sourceTree = "<group>";
		};
		C1DE3DCC25C310430084299E /* Separator */ = {
			isa = PBXGroup;
			children = (
				C1DE3DCE25C3107F0084299E /* UserDataSeparatorTableViewCell.xib */,
			);
			path = Separator;
			sourceTree = "<group>";
		};
		CFD03EAB3F3DF706A0205C03 /* Frameworks */ = {
			isa = PBXGroup;
			children = (
				0B831F603BE94F0B29A64AE6 /* Pods_YDMstoreModeOfflineAccount.framework */,
			);
			name = Frameworks;
			sourceTree = "<group>";
		};
		E4B90FA525CB15440030FF42 /* Resource */ = {
			isa = PBXGroup;
			children = (
				E4B90FA725CB15720030FF42 /* termos-uso.html */,
				C102A64625D178D30036E17B /* historicMock.json */,
			);
			path = Resource;
			sourceTree = "<group>";
		};
		F86F11171E95E2BC1F150C03 /* Pods */ = {
			isa = PBXGroup;
			children = (
				88BC45D4D3B44DD6B4A0F747 /* Pods-YDMstoreModeOfflineAccount.debug.xcconfig */,
				30EE36F1D50CC8622604CA6C /* Pods-YDMstoreModeOfflineAccount.release.xcconfig */,
			);
			path = Pods;
			sourceTree = "<group>";
		};
/* End PBXGroup section */

/* Begin PBXHeadersBuildPhase section */
		A5B9E34E25AE0451006EA075 /* Headers */ = {
			isa = PBXHeadersBuildPhase;
			buildActionMask = 2147483647;
			files = (
				A5B9E35825AE0451006EA075 /* YDMstoreModeOfflineAccount.h in Headers */,
			);
			runOnlyForDeploymentPostprocessing = 0;
		};
/* End PBXHeadersBuildPhase section */

/* Begin PBXNativeTarget section */
		A5B9E35225AE0451006EA075 /* YDMstoreModeOfflineAccount */ = {
			isa = PBXNativeTarget;
			buildConfigurationList = A5B9E35B25AE0451006EA075 /* Build configuration list for PBXNativeTarget "YDMstoreModeOfflineAccount" */;
			buildPhases = (
				F637E79CB96D18FF914DBEC1 /* [CP] Check Pods Manifest.lock */,
				A5B9E34E25AE0451006EA075 /* Headers */,
				A5B9E34F25AE0451006EA075 /* Sources */,
				A5B9E35025AE0451006EA075 /* Frameworks */,
				A5B9E35125AE0451006EA075 /* Resources */,
			);
			buildRules = (
			);
			dependencies = (
			);
			name = YDMstoreModeOfflineAccount;
			productName = YDMstoreModeOfflineAccount;
			productReference = A5B9E35325AE0451006EA075 /* YDMstoreModeOfflineAccount.framework */;
			productType = "com.apple.product-type.framework";
		};
/* End PBXNativeTarget section */

/* Begin PBXProject section */
		A5B9E34A25AE0451006EA075 /* Project object */ = {
			isa = PBXProject;
			attributes = {
				LastUpgradeCheck = 1230;
				TargetAttributes = {
					A5B9E35225AE0451006EA075 = {
						CreatedOnToolsVersion = 12.3;
						LastSwiftMigration = 1230;
					};
				};
			};
			buildConfigurationList = A5B9E34D25AE0451006EA075 /* Build configuration list for PBXProject "YDMstoreModeOfflineAccount" */;
			compatibilityVersion = "Xcode 9.3";
			developmentRegion = en;
			hasScannedForEncodings = 0;
			knownRegions = (
				en,
				Base,
			);
			mainGroup = A5B9E34925AE0451006EA075;
			productRefGroup = A5B9E35425AE0451006EA075 /* Products */;
			projectDirPath = "";
			projectRoot = "";
			targets = (
				A5B9E35225AE0451006EA075 /* YDMstoreModeOfflineAccount */,
			);
		};
/* End PBXProject section */

/* Begin PBXResourcesBuildPhase section */
		A5B9E35125AE0451006EA075 /* Resources */ = {
			isa = PBXResourcesBuildPhase;
			buildActionMask = 2147483647;
			files = (
				C18C9A8B25C04C6800F4116F /* UserDataMarketingTableViewCell.xib in Resources */,
				C183D0C825B0D89900B4F675 /* UserDataViewController.storyboard in Resources */,
				C19B99C725C9C4BC0002E696 /* HistoricViewController.storyboard in Resources */,
				C197DCA325BF2E510007E8C3 /* UserDataInfoTableViewCell.xib in Resources */,
				C102A64725D178D30036E17B /* historicMock.json in Resources */,
				C158ECE025C198C900E1EC04 /* UserDataTermsAndButtonTableViewCell.xib in Resources */,
				A5B9E37425AE12A9006EA075 /* HomeViewController.storyboard in Resources */,
				C1DE3DD025C3107F0084299E /* UserDataSeparatorTableViewCell.xib in Resources */,
				E4B90FA925CB15720030FF42 /* termos-uso.html in Resources */,
				C19B995E25C992560002E696 /* TermsViewController.storyboard in Resources */,
			);
			runOnlyForDeploymentPostprocessing = 0;
		};
/* End PBXResourcesBuildPhase section */

/* Begin PBXShellScriptBuildPhase section */
		F637E79CB96D18FF914DBEC1 /* [CP] Check Pods Manifest.lock */ = {
			isa = PBXShellScriptBuildPhase;
			buildActionMask = 2147483647;
			files = (
			);
			inputFileListPaths = (
			);
			inputPaths = (
				"${PODS_PODFILE_DIR_PATH}/Podfile.lock",
				"${PODS_ROOT}/Manifest.lock",
			);
			name = "[CP] Check Pods Manifest.lock";
			outputFileListPaths = (
			);
			outputPaths = (
				"$(DERIVED_FILE_DIR)/Pods-YDMstoreModeOfflineAccount-checkManifestLockResult.txt",
			);
			runOnlyForDeploymentPostprocessing = 0;
			shellPath = /bin/sh;
			shellScript = "diff \"${PODS_PODFILE_DIR_PATH}/Podfile.lock\" \"${PODS_ROOT}/Manifest.lock\" > /dev/null\nif [ $? != 0 ] ; then\n    # print error to STDERR\n    echo \"error: The sandbox is not in sync with the Podfile.lock. Run 'pod install' or update your CocoaPods installation.\" >&2\n    exit 1\nfi\n# This output is used by Xcode 'outputs' to avoid re-running this script phase.\necho \"SUCCESS\" > \"${SCRIPT_OUTPUT_FILE_0}\"\n";
			showEnvVarsInLog = 0;
		};
/* End PBXShellScriptBuildPhase section */

/* Begin PBXSourcesBuildPhase section */
		A5B9E34F25AE0451006EA075 /* Sources */ = {
			isa = PBXSourcesBuildPhase;
			buildActionMask = 2147483647;
			files = (
				C140315225CB29AA007F6728 /* TermsViewController+SpaceyDelegate.swift in Sources */,
				C1DE3DCF25C3107F0084299E /* UserDataSeparatorTableViewCell.swift in Sources */,
				C14D63C525B1E27200DAF725 /* HomeViewController+Binds.swift in Sources */,
				C19B99CB25C9CA2C0002E696 /* HistoricViewController.swift in Sources */,
				C197DCBE25BF4FA00007E8C3 /* UserDataViewController+TableView.swift in Sources */,
				C183CED125B0953F00B4F675 /* HomeViewController+ScrollView.swift in Sources */,
				C197DCA225BF2E510007E8C3 /* UserDataInfoTableViewCell.swift in Sources */,
				C1847E5925E53AC3004A9E33 /* HistoricViewController+Layout.swift in Sources */,
				C197DCB625BF4EBD0007E8C3 /* UserDataViewController+Binds.swift in Sources */,
				C129AA6025DD5831003D3882 /* OrdersViewModel.swift in Sources */,
				C183D0CC25B0D8B100B4F675 /* UserDataViewController.swift in Sources */,
				C102A64B25D180F50036E17B /* HistoricViewController+Binds.swift in Sources */,
				C158ECDF25C198C900E1EC04 /* UserDataTermsAndButtonTableViewCell.swift in Sources */,
				C129AA8A25DD9376003D3882 /* PreHomeViewController+Layout.swift in Sources */,
				C1B6BFD025C42667001CB137 /* UserDataViewController+ScrollView.swift in Sources */,
				A5B9E38725AE12EF006EA075 /* HomeViewController.swift in Sources */,
				C19B996925C9934E0002E696 /* TermsViewModel.swift in Sources */,
				C197DCAD25BF481F0007E8C3 /* UserDataViewModel.swift in Sources */,
				C19B996225C992820002E696 /* TermsViewController.swift in Sources */,
				C19B99D025C9D04B0002E696 /* HistoricViewModel.swift in Sources */,
				C121DA572642F605004C9836 /* YDErrorView.swift in Sources */,
				A5B9E38B25AE133B006EA075 /* HomeViewModel.swift in Sources */,
				C129AA8D25DD94F4003D3882 /* PreHomeViewModel.swift in Sources */,
				C121DA5C2642FAA2004C9836 /* UserDataViewController+Layout.swift in Sources */,
				C12B96B325CAE86900143B99 /* HistoricViewController+ScrollView.swift in Sources */,
				A5B9E36425AE123B006EA075 /* YDMStoreModeOfflineAccountCoordinator.swift in Sources */,
				C129AA5725DD5537003D3882 /* OrdersViewController.swift in Sources */,
				C14D63CA25B1E47F00DAF725 /* HomeViewController+Dialog.swift in Sources */,
				C1B6BF4625C4164F001CB137 /* UserDataViewController+Dialog.swift in Sources */,
				C121DA5F2642FD64004C9836 /* HistoricViewController+Layouts.swift in Sources */,
				C129AA8725DD910D003D3882 /* PreHomeViewController.swift in Sources */,
				C18C9A8A25C04C6800F4116F /* UserDataMarketingTableViewCell.swift in Sources */,
				C129AA5C25DD5744003D3882 /* OrdersViewController+Layout.swift in Sources */,
			);
			runOnlyForDeploymentPostprocessing = 0;
		};
/* End PBXSourcesBuildPhase section */

/* Begin XCBuildConfiguration section */
		A5B9E35925AE0451006EA075 /* Debug */ = {
			isa = XCBuildConfiguration;
			buildSettings = {
				ALWAYS_SEARCH_USER_PATHS = NO;
				CLANG_ANALYZER_NONNULL = YES;
				CLANG_ANALYZER_NUMBER_OBJECT_CONVERSION = YES_AGGRESSIVE;
				CLANG_CXX_LANGUAGE_STANDARD = "gnu++14";
				CLANG_CXX_LIBRARY = "libc++";
				CLANG_ENABLE_MODULES = YES;
				CLANG_ENABLE_OBJC_ARC = YES;
				CLANG_ENABLE_OBJC_WEAK = YES;
				CLANG_WARN_BLOCK_CAPTURE_AUTORELEASING = YES;
				CLANG_WARN_BOOL_CONVERSION = YES;
				CLANG_WARN_COMMA = YES;
				CLANG_WARN_CONSTANT_CONVERSION = YES;
				CLANG_WARN_DEPRECATED_OBJC_IMPLEMENTATIONS = YES;
				CLANG_WARN_DIRECT_OBJC_ISA_USAGE = YES_ERROR;
				CLANG_WARN_DOCUMENTATION_COMMENTS = YES;
				CLANG_WARN_EMPTY_BODY = YES;
				CLANG_WARN_ENUM_CONVERSION = YES;
				CLANG_WARN_INFINITE_RECURSION = YES;
				CLANG_WARN_INT_CONVERSION = YES;
				CLANG_WARN_NON_LITERAL_NULL_CONVERSION = YES;
				CLANG_WARN_OBJC_IMPLICIT_RETAIN_SELF = YES;
				CLANG_WARN_OBJC_LITERAL_CONVERSION = YES;
				CLANG_WARN_OBJC_ROOT_CLASS = YES_ERROR;
				CLANG_WARN_QUOTED_INCLUDE_IN_FRAMEWORK_HEADER = YES;
				CLANG_WARN_RANGE_LOOP_ANALYSIS = YES;
				CLANG_WARN_STRICT_PROTOTYPES = YES;
				CLANG_WARN_SUSPICIOUS_MOVE = YES;
				CLANG_WARN_UNGUARDED_AVAILABILITY = YES_AGGRESSIVE;
				CLANG_WARN_UNREACHABLE_CODE = YES;
				CLANG_WARN__DUPLICATE_METHOD_MATCH = YES;
				COPY_PHASE_STRIP = NO;
				CURRENT_PROJECT_VERSION = 1;
				DEBUG_INFORMATION_FORMAT = dwarf;
				ENABLE_STRICT_OBJC_MSGSEND = YES;
				ENABLE_TESTABILITY = YES;
				GCC_C_LANGUAGE_STANDARD = gnu11;
				GCC_DYNAMIC_NO_PIC = NO;
				GCC_NO_COMMON_BLOCKS = YES;
				GCC_OPTIMIZATION_LEVEL = 0;
				GCC_PREPROCESSOR_DEFINITIONS = (
					"DEBUG=1",
					"$(inherited)",
				);
				GCC_WARN_64_TO_32_BIT_CONVERSION = YES;
				GCC_WARN_ABOUT_RETURN_TYPE = YES_ERROR;
				GCC_WARN_UNDECLARED_SELECTOR = YES;
				GCC_WARN_UNINITIALIZED_AUTOS = YES_AGGRESSIVE;
				GCC_WARN_UNUSED_FUNCTION = YES;
				GCC_WARN_UNUSED_VARIABLE = YES;
				IPHONEOS_DEPLOYMENT_TARGET = 14.3;
				MTL_ENABLE_DEBUG_INFO = INCLUDE_SOURCE;
				MTL_FAST_MATH = YES;
				ONLY_ACTIVE_ARCH = YES;
				SDKROOT = iphoneos;
				SWIFT_ACTIVE_COMPILATION_CONDITIONS = DEBUG;
				SWIFT_OPTIMIZATION_LEVEL = "-Onone";
				VERSIONING_SYSTEM = "apple-generic";
				VERSION_INFO_PREFIX = "";
			};
			name = Debug;
		};
		A5B9E35A25AE0451006EA075 /* Release */ = {
			isa = XCBuildConfiguration;
			buildSettings = {
				ALWAYS_SEARCH_USER_PATHS = NO;
				CLANG_ANALYZER_NONNULL = YES;
				CLANG_ANALYZER_NUMBER_OBJECT_CONVERSION = YES_AGGRESSIVE;
				CLANG_CXX_LANGUAGE_STANDARD = "gnu++14";
				CLANG_CXX_LIBRARY = "libc++";
				CLANG_ENABLE_MODULES = YES;
				CLANG_ENABLE_OBJC_ARC = YES;
				CLANG_ENABLE_OBJC_WEAK = YES;
				CLANG_WARN_BLOCK_CAPTURE_AUTORELEASING = YES;
				CLANG_WARN_BOOL_CONVERSION = YES;
				CLANG_WARN_COMMA = YES;
				CLANG_WARN_CONSTANT_CONVERSION = YES;
				CLANG_WARN_DEPRECATED_OBJC_IMPLEMENTATIONS = YES;
				CLANG_WARN_DIRECT_OBJC_ISA_USAGE = YES_ERROR;
				CLANG_WARN_DOCUMENTATION_COMMENTS = YES;
				CLANG_WARN_EMPTY_BODY = YES;
				CLANG_WARN_ENUM_CONVERSION = YES;
				CLANG_WARN_INFINITE_RECURSION = YES;
				CLANG_WARN_INT_CONVERSION = YES;
				CLANG_WARN_NON_LITERAL_NULL_CONVERSION = YES;
				CLANG_WARN_OBJC_IMPLICIT_RETAIN_SELF = YES;
				CLANG_WARN_OBJC_LITERAL_CONVERSION = YES;
				CLANG_WARN_OBJC_ROOT_CLASS = YES_ERROR;
				CLANG_WARN_QUOTED_INCLUDE_IN_FRAMEWORK_HEADER = YES;
				CLANG_WARN_RANGE_LOOP_ANALYSIS = YES;
				CLANG_WARN_STRICT_PROTOTYPES = YES;
				CLANG_WARN_SUSPICIOUS_MOVE = YES;
				CLANG_WARN_UNGUARDED_AVAILABILITY = YES_AGGRESSIVE;
				CLANG_WARN_UNREACHABLE_CODE = YES;
				CLANG_WARN__DUPLICATE_METHOD_MATCH = YES;
				COPY_PHASE_STRIP = NO;
				CURRENT_PROJECT_VERSION = 1;
				DEBUG_INFORMATION_FORMAT = "dwarf-with-dsym";
				ENABLE_NS_ASSERTIONS = NO;
				ENABLE_STRICT_OBJC_MSGSEND = YES;
				GCC_C_LANGUAGE_STANDARD = gnu11;
				GCC_NO_COMMON_BLOCKS = YES;
				GCC_WARN_64_TO_32_BIT_CONVERSION = YES;
				GCC_WARN_ABOUT_RETURN_TYPE = YES_ERROR;
				GCC_WARN_UNDECLARED_SELECTOR = YES;
				GCC_WARN_UNINITIALIZED_AUTOS = YES_AGGRESSIVE;
				GCC_WARN_UNUSED_FUNCTION = YES;
				GCC_WARN_UNUSED_VARIABLE = YES;
				IPHONEOS_DEPLOYMENT_TARGET = 14.3;
				MTL_ENABLE_DEBUG_INFO = NO;
				MTL_FAST_MATH = YES;
				SDKROOT = iphoneos;
				SWIFT_COMPILATION_MODE = wholemodule;
				SWIFT_OPTIMIZATION_LEVEL = "-O";
				VALIDATE_PRODUCT = YES;
				VERSIONING_SYSTEM = "apple-generic";
				VERSION_INFO_PREFIX = "";
			};
			name = Release;
		};
		A5B9E35C25AE0451006EA075 /* Debug */ = {
			isa = XCBuildConfiguration;
			baseConfigurationReference = 88BC45D4D3B44DD6B4A0F747 /* Pods-YDMstoreModeOfflineAccount.debug.xcconfig */;
			buildSettings = {
				CLANG_ENABLE_MODULES = YES;
				CODE_SIGN_STYLE = Automatic;
				DEFINES_MODULE = YES;
				DEVELOPMENT_TEAM = YUQ2SSBP6Q;
				DYLIB_COMPATIBILITY_VERSION = 1;
				DYLIB_CURRENT_VERSION = 1;
				DYLIB_INSTALL_NAME_BASE = "@rpath";
				INFOPLIST_FILE = YDMstoreModeOfflineAccount/Info.plist;
				INSTALL_PATH = "$(LOCAL_LIBRARY_DIR)/Frameworks";
				IPHONEOS_DEPLOYMENT_TARGET = 11.0;
				LD_RUNPATH_SEARCH_PATHS = (
					"$(inherited)",
					"@executable_path/Frameworks",
					"@loader_path/Frameworks",
				);
				PRODUCT_BUNDLE_IDENTIFIER = br.com.yourdev.b2w.YDMstoreModeOfflineAccount;
				PRODUCT_NAME = "$(TARGET_NAME:c99extidentifier)";
				SKIP_INSTALL = YES;
				SWIFT_OPTIMIZATION_LEVEL = "-Onone";
				SWIFT_VERSION = 5.0;
				TARGETED_DEVICE_FAMILY = "1,2";
			};
			name = Debug;
		};
		A5B9E35D25AE0451006EA075 /* Release */ = {
			isa = XCBuildConfiguration;
			baseConfigurationReference = 30EE36F1D50CC8622604CA6C /* Pods-YDMstoreModeOfflineAccount.release.xcconfig */;
			buildSettings = {
				CLANG_ENABLE_MODULES = YES;
				CODE_SIGN_STYLE = Automatic;
				DEFINES_MODULE = YES;
				DEVELOPMENT_TEAM = YUQ2SSBP6Q;
				DYLIB_COMPATIBILITY_VERSION = 1;
				DYLIB_CURRENT_VERSION = 1;
				DYLIB_INSTALL_NAME_BASE = "@rpath";
				INFOPLIST_FILE = YDMstoreModeOfflineAccount/Info.plist;
				INSTALL_PATH = "$(LOCAL_LIBRARY_DIR)/Frameworks";
				IPHONEOS_DEPLOYMENT_TARGET = 11.0;
				LD_RUNPATH_SEARCH_PATHS = (
					"$(inherited)",
					"@executable_path/Frameworks",
					"@loader_path/Frameworks",
				);
				PRODUCT_BUNDLE_IDENTIFIER = br.com.yourdev.b2w.YDMstoreModeOfflineAccount;
				PRODUCT_NAME = "$(TARGET_NAME:c99extidentifier)";
				SKIP_INSTALL = YES;
				SWIFT_VERSION = 5.0;
				TARGETED_DEVICE_FAMILY = "1,2";
			};
			name = Release;
		};
/* End XCBuildConfiguration section */

/* Begin XCConfigurationList section */
		A5B9E34D25AE0451006EA075 /* Build configuration list for PBXProject "YDMstoreModeOfflineAccount" */ = {
			isa = XCConfigurationList;
			buildConfigurations = (
				A5B9E35925AE0451006EA075 /* Debug */,
				A5B9E35A25AE0451006EA075 /* Release */,
			);
			defaultConfigurationIsVisible = 0;
			defaultConfigurationName = Release;
		};
		A5B9E35B25AE0451006EA075 /* Build configuration list for PBXNativeTarget "YDMstoreModeOfflineAccount" */ = {
			isa = XCConfigurationList;
			buildConfigurations = (
				A5B9E35C25AE0451006EA075 /* Debug */,
				A5B9E35D25AE0451006EA075 /* Release */,
			);
			defaultConfigurationIsVisible = 0;
			defaultConfigurationName = Release;
		};
/* End XCConfigurationList section */
	};
	rootObject = A5B9E34A25AE0451006EA075 /* Project object */;
}
